
Microsoft Visual Studio Solution File, Format Version 12.00
# Visual Studio Version 17
VisualStudioVersion = 17.0.31919.166
MinimumVisualStudioVersion = 10.0.40219.1
Project("{FAE04EC0-301F-11D3-BF4B-00C04F79EFBC}") = "thrown_body", "thrown_body.csproj", "{700AFEFE-5E8B-4CDF-ABFD-20F0F418103C}"
EndProject
Global
	GlobalSection(SolutionConfigurationPlatforms) = preSolution
		Debug|Any CPU = Debug|Any CPU
		Release|Any CPU = Release|Any CPU
	EndGlobalSection
	GlobalSection(ProjectConfigurationPlatforms) = postSolution
		{700AFEFE-5E8B-4CDF-ABFD-20F0F418103C}.Debug|Any CPU.ActiveCfg = Debug|Any CPU
		{700AFEFE-5E8B-4CDF-ABFD-20F0F418103C}.Debug|Any CPU.Build.0 = Debug|Any CPU
		{700AFEFE-5E8B-4CDF-ABFD-20F0F418103C}.Release|Any CPU.ActiveCfg = Release|Any CPU
		{700AFEFE-5E8B-4CDF-ABFD-20F0F418103C}.Release|Any CPU.Build.0 = Release|Any CPU
	EndGlobalSection
	GlobalSection(SolutionProperties) = preSolution
		HideSolutionNode = FALSE
	EndGlobalSection
	GlobalSection(ExtensibilityGlobals) = postSolution
		SolutionGuid = {3B0470B2-284A-46CD-BDCE-33B94CE62F8D}
	EndGlobalSection
EndGlobal
